<Solution>
  <Folder Name="/Auditsubscriber/">
    <Project Path="Auditsubscriber/AuditSubscriber.csproj" />
  </Folder>
  <Project Path="FraudSubscriber/FraudSubscriber.csproj" />
  <Project Path="NotificationSubscriber/NotificationSubscriber.csproj" />
  <Project Path="RegulatorySubscriber/RegulatorySubscriber.csproj" />
  <Project Path="SharedModels/SharedModels.csproj" />
  <Project Path="TransactionPublisher/TransactionPublisher.csproj" />
</Solution>
